// !$*UTF8*$!
{
	archiveVersion = 1;
	classes = {
	};
	objectVersion = 56;
	objects = {

/* Begin PBXBuildFile section */
		DC1AAC742B7A6B0100196F72 /* AppDelegate.swift in Sources */ = {isa = PBXBuildFile; fileRef = DC1AAC732B7A6B0100196F72 /* AppDelegate.swift */; };
		DC1AAC762B7A6B0100196F72 /* SceneDelegate.swift in Sources */ = {isa = PBXBuildFile; fileRef = DC1AAC752B7A6B0100196F72 /* SceneDelegate.swift */; };
		DC1AAC782B7A6B0100196F72 /* ViewController.swift in Sources */ = {isa = PBXBuildFile; fileRef = DC1AAC772B7A6B0100196F72 /* ViewController.swift */; };
		DC1AAC7B2B7A6B0100196F72 /* Main.storyboard in Resources */ = {isa = PBXBuildFile; fileRef = DC1AAC792B7A6B0100196F72 /* Main.storyboard */; };
		DC1AAC7D2B7A6B0300196F72 /* Assets.xcassets in Resources */ = {isa = PBXBuildFile; fileRef = DC1AAC7C2B7A6B0300196F72 /* Assets.xcassets */; };
		DC1AAC802B7A6B0300196F72 /* LaunchScreen.storyboard in Resources */ = {isa = PBXBuildFile; fileRef = DC1AAC7E2B7A6B0300196F72 /* LaunchScreen.storyboard */; };
		DC1AAC882B7A6BEF00196F72 /* VideoCapture.swift in Sources */ = {isa = PBXBuildFile; fileRef = DC1AAC872B7A6BEF00196F72 /* VideoCapture.swift */; };
		DC1AAC8C2B7AFE4600196F72 /* Predictor.swift in Sources */ = {isa = PBXBuildFile; fileRef = DC1AAC8B2B7AFE4600196F72 /* Predictor.swift */; };
		DC7638EC2B812CB600B5907B /* SittingPostureClassifier.mlmodel in Sources */ = {isa = PBXBuildFile; fileRef = DC7638EB2B812CB600B5907B /* SittingPostureClassifier.mlmodel */; };
		DC768ACD2B7DDCA2002FD561 /* InstructionsViewController.swift in Sources */ = {isa = PBXBuildFile; fileRef = DC768ACC2B7DDCA2002FD561 /* InstructionsViewController.swift */; };
/* End PBXBuildFile section */

/* Begin PBXFileReference section */
		DC1AAC702B7A6B0100196F72 /* SittingPostureBuddy.app */ = {isa = PBXFileReference; explicitFileType = wrapper.application; includeInIndex = 0; path = SittingPostureBuddy.app; sourceTree = BUILT_PRODUCTS_DIR; };
		DC1AAC732B7A6B0100196F72 /* AppDelegate.swift */ = {isa = PBXFileReference; lastKnownFileType = sourcecode.swift; path = AppDelegate.swift; sourceTree = "<group>"; };
		DC1AAC752B7A6B0100196F72 /* SceneDelegate.swift */ = {isa = PBXFileReference; lastKnownFileType = sourcecode.swift; path = SceneDelegate.swift; sourceTree = "<group>"; };
		DC1AAC772B7A6B0100196F72 /* ViewController.swift */ = {isa = PBXFileReference; lastKnownFileType = sourcecode.swift; path = ViewController.swift; sourceTree = "<group>"; };
		DC1AAC7A2B7A6B0100196F72 /* Base */ = {isa = PBXFileReference; lastKnownFileType = file.storyboard; name = Base; path = Base.lproj/Main.storyboard; sourceTree = "<group>"; };
		DC1AAC7C2B7A6B0300196F72 /* Assets.xcassets */ = {isa = PBXFileReference; lastKnownFileType = folder.assetcatalog; path = Assets.xcassets; sourceTree = "<group>"; };
		DC1AAC7F2B7A6B0300196F72 /* Base */ = {isa = PBXFileReference; lastKnownFileType = file.storyboard; name = Base; path = Base.lproj/LaunchScreen.storyboard; sourceTree = "<group>"; };
		DC1AAC812B7A6B0300196F72 /* Info.plist */ = {isa = PBXFileReference; lastKnownFileType = text.plist.xml; path = Info.plist; sourceTree = "<group>"; };
		DC1AAC872B7A6BEF00196F72 /* VideoCapture.swift */ = {isa = PBXFileReference; lastKnownFileType = sourcecode.swift; path = VideoCapture.swift; sourceTree = "<group>"; };
		DC1AAC8B2B7AFE4600196F72 /* Predictor.swift */ = {isa = PBXFileReference; lastKnownFileType = sourcecode.swift; path = Predictor.swift; sourceTree = "<group>"; };
		DC7638EB2B812CB600B5907B /* SittingPostureClassifier.mlmodel */ = {isa = PBXFileReference; lastKnownFileType = file.mlmodel; path = SittingPostureClassifier.mlmodel; sourceTree = "<group>"; };
		DC768ACC2B7DDCA2002FD561 /* InstructionsViewController.swift */ = {isa = PBXFileReference; lastKnownFileType = sourcecode.swift; path = InstructionsViewController.swift; sourceTree = "<group>"; };
/* End PBXFileReference section */

/* Begin PBXFrameworksBuildPhase section */
		DC1AAC6D2B7A6B0100196F72 /* Frameworks */ = {
			isa = PBXFrameworksBuildPhase;
			buildActionMask = 2147483647;
			files = (
			);
			runOnlyForDeploymentPostprocessing = 0;
		};
/* End PBXFrameworksBuildPhase section */

/* Begin PBXGroup section */
		DC1AAC672B7A6B0100196F72 = {
			isa = PBXGroup;
			children = (
				DC1AAC722B7A6B0100196F72 /* SittingPostureBuddy */,
				DC1AAC712B7A6B0100196F72 /* Products */,
			);
			sourceTree = "<group>";
		};
		DC1AAC712B7A6B0100196F72 /* Products */ = {
			isa = PBXGroup;
			children = (
				DC1AAC702B7A6B0100196F72 /* SittingPostureBuddy.app */,
			);
			name = Products;
			sourceTree = "<group>";
		};
		DC1AAC722B7A6B0100196F72 /* SittingPostureBuddy */ = {
			isa = PBXGroup;
			children = (
				DC768ACB2B7DDC87002FD561 /* Instructions */,
				DC1AAC732B7A6B0100196F72 /* AppDelegate.swift */,
				DC1AAC752B7A6B0100196F72 /* SceneDelegate.swift */,
				DC1AAC772B7A6B0100196F72 /* ViewController.swift */,
				DC1AAC872B7A6BEF00196F72 /* VideoCapture.swift */,
				DC1AAC8B2B7AFE4600196F72 /* Predictor.swift */,
				DC7638EB2B812CB600B5907B /* SittingPostureClassifier.mlmodel */,
				DC1AAC792B7A6B0100196F72 /* Main.storyboard */,
				DC1AAC7C2B7A6B0300196F72 /* Assets.xcassets */,
				DC1AAC7E2B7A6B0300196F72 /* LaunchScreen.storyboard */,
				DC1AAC812B7A6B0300196F72 /* Info.plist */,
			);
			path = SittingPostureBuddy;
			sourceTree = "<group>";
		};
		DC768ACB2B7DDC87002FD561 /* Instructions */ = {
			isa = PBXGroup;
			children = (
				DC768ACC2B7DDCA2002FD561 /* InstructionsViewController.swift */,
			);
			path = Instructions;
			sourceTree = "<group>";
		};
/* End PBXGroup section */

/* Begin PBXNativeTarget section */
		DC1AAC6F2B7A6B0100196F72 /* SittingPostureBuddy */ = {
			isa = PBXNativeTarget;
			buildConfigurationList = DC1AAC842B7A6B0300196F72 /* Build configuration list for PBXNativeTarget "SittingPostureBuddy" */;
			buildPhases = (
				DC1AAC6C2B7A6B0100196F72 /* Sources */,
				DC1AAC6D2B7A6B0100196F72 /* Frameworks */,
				DC1AAC6E2B7A6B0100196F72 /* Resources */,
			);
			buildRules = (
			);
			dependencies = (
			);
			name = SittingPostureBuddy;
			productName = SittingPostureBuddy;
			productReference = DC1AAC702B7A6B0100196F72 /* SittingPostureBuddy.app */;
			productType = "com.apple.product-type.application";
		};
/* End PBXNativeTarget section */

/* Begin PBXProject section */
		DC1AAC682B7A6B0100196F72 /* Project object */ = {
			isa = PBXProject;
			attributes = {
				BuildIndependentTargetsInParallel = 1;
				LastSwiftUpdateCheck = 1520;
				LastUpgradeCheck = 1520;
				TargetAttributes = {
					DC1AAC6F2B7A6B0100196F72 = {
						CreatedOnToolsVersion = 15.2;
					};
				};
			};
			buildConfigurationList = DC1AAC6B2B7A6B0100196F72 /* Build configuration list for PBXProject "SittingPostureBuddy" */;
			compatibilityVersion = "Xcode 14.0";
			developmentRegion = en;
			hasScannedForEncodings = 0;
			knownRegions = (
				en,
				Base,
			);
			mainGroup = DC1AAC672B7A6B0100196F72;
			productRefGroup = DC1AAC712B7A6B0100196F72 /* Products */;
			projectDirPath = "";
			projectRoot = "";
			targets = (
				DC1AAC6F2B7A6B0100196F72 /* SittingPostureBuddy */,
			);
		};
/* End PBXProject section */

/* Begin PBXResourcesBuildPhase section */
		DC1AAC6E2B7A6B0100196F72 /* Resources */ = {
			isa = PBXResourcesBuildPhase;
			buildActionMask = 2147483647;
			files = (
				DC1AAC802B7A6B0300196F72 /* LaunchScreen.storyboard in Resources */,
				DC1AAC7D2B7A6B0300196F72 /* Assets.xcassets in Resources */,
				DC1AAC7B2B7A6B0100196F72 /* Main.storyboard in Resources */,
			);
			runOnlyForDeploymentPostprocessing = 0;
		};
/* End PBXResourcesBuildPhase section */

/* Begin PBXSourcesBuildPhase section */
		DC1AAC6C2B7A6B0100196F72 /* Sources */ = {
			isa = PBXSourcesBuildPhase;
			buildActionMask = 2147483647;
			files = (
				DC1AAC882B7A6BEF00196F72 /* VideoCapture.swift in Sources */,
				DC1AAC782B7A6B0100196F72 /* ViewController.swift in Sources */,
				DC1AAC742B7A6B0100196F72 /* AppDelegate.swift in Sources */,
				DC1AAC8C2B7AFE4600196F72 /* Predictor.swift in Sources */,
				DC768ACD2B7DDCA2002FD561 /* InstructionsViewController.swift in Sources */,
				DC7638EC2B812CB600B5907B /* SittingPostureClassifier.mlmodel in Sources */,
				DC1AAC762B7A6B0100196F72 /* SceneDelegate.swift in Sources */,
			);
			runOnlyForDeploymentPostprocessing = 0;
		};
/* End PBXSourcesBuildPhase section */

/* Begin PBXVariantGroup section */
		DC1AAC792B7A6B0100196F72 /* Main.storyboard */ = {
			isa = PBXVariantGroup;
			children = (
				DC1AAC7A2B7A6B0100196F72 /* Base */,
			);
			name = Main.storyboard;
			sourceTree = "<group>";
		};
		DC1AAC7E2B7A6B0300196F72 /* LaunchScreen.storyboard */ = {
			isa = PBXVariantGroup;
			children = (
				DC1AAC7F2B7A6B0300196F72 /* Base */,
			);
			name = LaunchScreen.storyboard;
			sourceTree = "<group>";
		};
/* End PBXVariantGroup section */

/* Begin XCBuildConfiguration section */
		DC1AAC822B7A6B0300196F72 /* Debug */ = {
			isa = XCBuildConfiguration;
			buildSettings = {
				ALWAYS_SEARCH_USER_PATHS = NO;
				ASSETCATALOG_COMPILER_GENERATE_SWIFT_ASSET_SYMBOL_EXTENSIONS = YES;
				CLANG_ANALYZER_NONNULL = YES;
				CLANG_ANALYZER_NUMBER_OBJECT_CONVERSION = YES_AGGRESSIVE;
				CLANG_CXX_LANGUAGE_STANDARD = "gnu++20";
				CLANG_ENABLE_MODULES = YES;
				CLANG_ENABLE_OBJC_ARC = YES;
				CLANG_ENABLE_OBJC_WEAK = YES;
				CLANG_WARN_BLOCK_CAPTURE_AUTORELEASING = YES;
				CLANG_WARN_BOOL_CONVERSION = YES;
				CLANG_WARN_COMMA = YES;
				CLANG_WARN_CONSTANT_CONVERSION = YES;
				CLANG_WARN_DEPRECATED_OBJC_IMPLEMENTATIONS = YES;
				CLANG_WARN_DIRECT_OBJC_ISA_USAGE = YES_ERROR;
				CLANG_WARN_DOCUMENTATION_COMMENTS = YES;
				CLANG_WARN_EMPTY_BODY = YES;
				CLANG_WARN_ENUM_CONVERSION = YES;
				CLANG_WARN_INFINITE_RECURSION = YES;
				CLANG_WARN_INT_CONVERSION = YES;
				CLANG_WARN_NON_LITERAL_NULL_CONVERSION = YES;
				CLANG_WARN_OBJC_IMPLICIT_RETAIN_SELF = YES;
				CLANG_WARN_OBJC_LITERAL_CONVERSION = YES;
				CLANG_WARN_OBJC_ROOT_CLASS = YES_ERROR;
				CLANG_WARN_QUOTED_INCLUDE_IN_FRAMEWORK_HEADER = YES;
				CLANG_WARN_RANGE_LOOP_ANALYSIS = YES;
				CLANG_WARN_STRICT_PROTOTYPES = YES;
				CLANG_WARN_SUSPICIOUS_MOVE = YES;
				CLANG_WARN_UNGUARDED_AVAILABILITY = YES_AGGRESSIVE;
				CLANG_WARN_UNREACHABLE_CODE = YES;
				CLANG_WARN__DUPLICATE_METHOD_MATCH = YES;
				COPY_PHASE_STRIP = NO;
				DEBUG_INFORMATION_FORMAT = dwarf;
				ENABLE_STRICT_OBJC_MSGSEND = YES;
				ENABLE_TESTABILITY = YES;
				ENABLE_USER_SCRIPT_SANDBOXING = YES;
				GCC_C_LANGUAGE_STANDARD = gnu17;
				GCC_DYNAMIC_NO_PIC = NO;
				GCC_NO_COMMON_BLOCKS = YES;
				GCC_OPTIMIZATION_LEVEL = 0;
				GCC_PREPROCESSOR_DEFINITIONS = (
					"DEBUG=1",
					"$(inherited)",
				);
				GCC_WARN_64_TO_32_BIT_CONVERSION = YES;
				GCC_WARN_ABOUT_RETURN_TYPE = YES_ERROR;
				GCC_WARN_UNDECLARED_SELECTOR = YES;
				GCC_WARN_UNINITIALIZED_AUTOS = YES_AGGRESSIVE;
				GCC_WARN_UNUSED_FUNCTION = YES;
				GCC_WARN_UNUSED_VARIABLE = YES;
				IPHONEOS_DEPLOYMENT_TARGET = 17.2;
				LOCALIZATION_PREFERS_STRING_CATALOGS = YES;
				MTL_ENABLE_DEBUG_INFO = INCLUDE_SOURCE;
				MTL_FAST_MATH = YES;
				ONLY_ACTIVE_ARCH = YES;
				SDKROOT = iphoneos;
				SWIFT_ACTIVE_COMPILATION_CONDITIONS = "DEBUG $(inherited)";
				SWIFT_OPTIMIZATION_LEVEL = "-Onone";
			};
			name = Debug;
		};
		DC1AAC832B7A6B0300196F72 /* Release */ = {
			isa = XCBuildConfiguration;
			buildSettings = {
				ALWAYS_SEARCH_USER_PATHS = NO;
				ASSETCATALOG_COMPILER_GENERATE_SWIFT_ASSET_SYMBOL_EXTENSIONS = YES;
				CLANG_ANALYZER_NONNULL = YES;
				CLANG_ANALYZER_NUMBER_OBJECT_CONVERSION = YES_AGGRESSIVE;
				CLANG_CXX_LANGUAGE_STANDARD = "gnu++20";
				CLANG_ENABLE_MODULES = YES;
				CLANG_ENABLE_OBJC_ARC = YES;
				CLANG_ENABLE_OBJC_WEAK = YES;
				CLANG_WARN_BLOCK_CAPTURE_AUTORELEASING = YES;
				CLANG_WARN_BOOL_CONVERSION = YES;
				CLANG_WARN_COMMA = YES;
				CLANG_WARN_CONSTANT_CONVERSION = YES;
				CLANG_WARN_DEPRECATED_OBJC_IMPLEMENTATIONS = YES;
				CLANG_WARN_DIRECT_OBJC_ISA_USAGE = YES_ERROR;
				CLANG_WARN_DOCUMENTATION_COMMENTS = YES;
				CLANG_WARN_EMPTY_BODY = YES;
				CLANG_WARN_ENUM_CONVERSION = YES;
				CLANG_WARN_INFINITE_RECURSION = YES;
				CLANG_WARN_INT_CONVERSION = YES;
				CLANG_WARN_NON_LITERAL_NULL_CONVERSION = YES;
				CLANG_WARN_OBJC_IMPLICIT_RETAIN_SELF = YES;
				CLANG_WARN_OBJC_LITERAL_CONVERSION = YES;
				CLANG_WARN_OBJC_ROOT_CLASS = YES_ERROR;
				CLANG_WARN_QUOTED_INCLUDE_IN_FRAMEWORK_HEADER = YES;
				CLANG_WARN_RANGE_LOOP_ANALYSIS = YES;
				CLANG_WARN_STRICT_PROTOTYPES = YES;
				CLANG_WARN_SUSPICIOUS_MOVE = YES;
				CLANG_WARN_UNGUARDED_AVAILABILITY = YES_AGGRESSIVE;
				CLANG_WARN_UNREACHABLE_CODE = YES;
				CLANG_WARN__DUPLICATE_METHOD_MATCH = YES;
				COPY_PHASE_STRIP = NO;
				DEBUG_INFORMATION_FORMAT = "dwarf-with-dsym";
				ENABLE_NS_ASSERTIONS = NO;
				ENABLE_STRICT_OBJC_MSGSEND = YES;
				ENABLE_USER_SCRIPT_SANDBOXING = YES;
				GCC_C_LANGUAGE_STANDARD = gnu17;
				GCC_NO_COMMON_BLOCKS = YES;
				GCC_WARN_64_TO_32_BIT_CONVERSION = YES;
				GCC_WARN_ABOUT_RETURN_TYPE = YES_ERROR;
				GCC_WARN_UNDECLARED_SELECTOR = YES;
				GCC_WARN_UNINITIALIZED_AUTOS = YES_AGGRESSIVE;
				GCC_WARN_UNUSED_FUNCTION = YES;
				GCC_WARN_UNUSED_VARIABLE = YES;
				IPHONEOS_DEPLOYMENT_TARGET = 17.2;
				LOCALIZATION_PREFERS_STRING_CATALOGS = YES;
				MTL_ENABLE_DEBUG_INFO = NO;
				MTL_FAST_MATH = YES;
				SDKROOT = iphoneos;
				SWIFT_COMPILATION_MODE = wholemodule;
				VALIDATE_PRODUCT = YES;
			};
			name = Release;
		};
		DC1AAC852B7A6B0300196F72 /* Debug */ = {
			isa = XCBuildConfiguration;
			buildSettings = {
				ASSETCATALOG_COMPILER_APPICON_NAME = AppIcon;
				ASSETCATALOG_COMPILER_GLOBAL_ACCENT_COLOR_NAME = AccentColor;
				CODE_SIGN_STYLE = Automatic;
				CURRENT_PROJECT_VERSION = 1;
				DEVELOPMENT_TEAM = 29V2939K8Z;
				GENERATE_INFOPLIST_FILE = YES;
				INFOPLIST_FILE = SittingPostureBuddy/Info.plist;
				INFOPLIST_KEY_UIApplicationSupportsIndirectInputEvents = YES;
				INFOPLIST_KEY_UILaunchStoryboardName = LaunchScreen;
				INFOPLIST_KEY_UIMainStoryboardFile = Main;
				INFOPLIST_KEY_UISupportedInterfaceOrientations_iPad = "UIInterfaceOrientationPortrait UIInterfaceOrientationPortraitUpsideDown UIInterfaceOrientationLandscapeLeft UIInterfaceOrientationLandscapeRight";
				INFOPLIST_KEY_UISupportedInterfaceOrientations_iPhone = "UIInterfaceOrientationPortrait UIInterfaceOrientationLandscapeLeft UIInterfaceOrientationLandscapeRight";
				LD_RUNPATH_SEARCH_PATHS = (
					"$(inherited)",
					"@executable_path/Frameworks",
				);
				MARKETING_VERSION = 1.0;
				PRODUCT_BUNDLE_IDENTIFIER = com.rexanWONG.SittingPostureBuddy;
				PRODUCT_NAME = "$(TARGET_NAME)";
				SWIFT_EMIT_LOC_STRINGS = YES;
				SWIFT_VERSION = 5.0;
				TARGETED_DEVICE_FAMILY = "1,2";
			};
			name = Debug;
		};
		DC1AAC862B7A6B0300196F72 /* Release */ = {
			isa = XCBuildConfiguration;
			buildSettings = {
				ASSETCATALOG_COMPILER_APPICON_NAME = AppIcon;
				ASSETCATALOG_COMPILER_GLOBAL_ACCENT_COLOR_NAME = AccentColor;
				CODE_SIGN_STYLE = Automatic;
				CURRENT_PROJECT_VERSION = 1;
				DEVELOPMENT_TEAM = 29V2939K8Z;
				GENERATE_INFOPLIST_FILE = YES;
				INFOPLIST_FILE = SittingPostureBuddy/Info.plist;
				INFOPLIST_KEY_UIApplicationSupportsIndirectInputEvents = YES;
				INFOPLIST_KEY_UILaunchStoryboardName = LaunchScreen;
				INFOPLIST_KEY_UIMainStoryboardFile = Main;
				INFOPLIST_KEY_UISupportedInterfaceOrientations_iPad = "UIInterfaceOrientationPortrait UIInterfaceOrientationPortraitUpsideDown UIInterfaceOrientationLandscapeLeft UIInterfaceOrientationLandscapeRight";
				INFOPLIST_KEY_UISupportedInterfaceOrientations_iPhone = "UIInterfaceOrientationPortrait UIInterfaceOrientationLandscapeLeft UIInterfaceOrientationLandscapeRight";
				LD_RUNPATH_SEARCH_PATHS = (
					"$(inherited)",
					"@executable_path/Frameworks",
				);
				MARKETING_VERSION = 1.0;
				PRODUCT_BUNDLE_IDENTIFIER = com.rexanWONG.SittingPostureBuddy;
				PRODUCT_NAME = "$(TARGET_NAME)";
				SWIFT_EMIT_LOC_STRINGS = YES;
				SWIFT_VERSION = 5.0;
				TARGETED_DEVICE_FAMILY = "1,2";
			};
			name = Release;
		};
/* End XCBuildConfiguration section */

/* Begin XCConfigurationList section */
		DC1AAC6B2B7A6B0100196F72 /* Build configuration list for PBXProject "SittingPostureBuddy" */ = {
			isa = XCConfigurationList;
			buildConfigurations = (
				DC1AAC822B7A6B0300196F72 /* Debug */,
				DC1AAC832B7A6B0300196F72 /* Release */,
			);
			defaultConfigurationIsVisible = 0;
			defaultConfigurationName = Release;
		};
		DC1AAC842B7A6B0300196F72 /* Build configuration list for PBXNativeTarget "SittingPostureBuddy" */ = {
			isa = XCConfigurationList;
			buildConfigurations = (
				DC1AAC852B7A6B0300196F72 /* Debug */,
				DC1AAC862B7A6B0300196F72 /* Release */,
			);
			defaultConfigurationIsVisible = 0;
			defaultConfigurationName = Release;
		};
/* End XCConfigurationList section */
	};
	rootObject = DC1AAC682B7A6B0100196F72 /* Project object */;
}
